
Microsoft Visual Studio Solution File, Format Version 12.00
# Visual Studio 15
VisualStudioVersion = 15.0.27004.2010
MinimumVisualStudioVersion = 10.0.40219.1
Project("{8BC9CEB8-8B4A-11D0-8D11-00A0C91BC942}") = "ConsoleApplication1", "ConsoleApplication1\ConsoleApplication1.vcxproj", "{9828E987-C5E8-4B64-8F91-8E1B4E3AC4C1}"
EndProject
Global
	GlobalSection(SolutionConfigurationPlatforms) = preSolution
		Debug|x64 = Debug|x64
		Debug|x86 = Debug|x86
		Release|x64 = Release|x64
		Release|x86 = Release|x86
	EndGlobalSection
	GlobalSection(ProjectConfigurationPlatforms) = postSolution
		{9828E987-C5E8-4B64-8F91-8E1B4E3AC4C1}.Debug|x64.ActiveCfg = Debug|x64
		{9828E987-C5E8-4B64-8F91-8E1B4E3AC4C1}.Debug|x64.Build.0 = Debug|x64
		{9828E987-C5E8-4B64-8F91-8E1B4E3AC4C1}.Debug|x86.ActiveCfg = Debug|Win32
		{9828E987-C5E8-4B64-8F91-8E1B4E3AC4C1}.Debug|x86.Build.0 = Debug|Win32
		{9828E987-C5E8-4B64-8F91-8E1B4E3AC4C1}.Release|x64.ActiveCfg = Release|x64
		{9828E987-C5E8-4B64-8F91-8E1B4E3AC4C1}.Release|x64.Build.0 = Release|x64
		{9828E987-C5E8-4B64-8F91-8E1B4E3AC4C1}.Release|x86.ActiveCfg = Release|Win32
		{9828E987-C5E8-4B64-8F91-8E1B4E3AC4C1}.Release|x86.Build.0 = Release|Win32
	EndGlobalSection
	GlobalSection(SolutionProperties) = preSolution
		HideSolutionNode = FALSE
	EndGlobalSection
	GlobalSection(ExtensibilityGlobals) = postSolution
		SolutionGuid = {703A775E-C00C-48D8-AF77-B5ACC135555E}
	EndGlobalSection
EndGlobal
