
Microsoft Visual Studio Solution File, Format Version 12.00
# Visual Studio 15
VisualStudioVersion = 15.0.27703.2035
MinimumVisualStudioVersion = 10.0.40219.1
Project("{8BC9CEB8-8B4A-11D0-8D11-00A0C91BC942}") = "ConsoleApplication4", "ConsoleApplication4\ConsoleApplication4.vcxproj", "{922682C4-B4ED-494E-9960-0E434C3B838E}"
EndProject
Global
	GlobalSection(SolutionConfigurationPlatforms) = preSolution
		Debug|x64 = Debug|x64
		Debug|x86 = Debug|x86
		Release|x64 = Release|x64
		Release|x86 = Release|x86
	EndGlobalSection
	GlobalSection(ProjectConfigurationPlatforms) = postSolution
		{922682C4-B4ED-494E-9960-0E434C3B838E}.Debug|x64.ActiveCfg = Debug|x64
		{922682C4-B4ED-494E-9960-0E434C3B838E}.Debug|x64.Build.0 = Debug|x64
		{922682C4-B4ED-494E-9960-0E434C3B838E}.Debug|x86.ActiveCfg = Debug|Win32
		{922682C4-B4ED-494E-9960-0E434C3B838E}.Debug|x86.Build.0 = Debug|Win32
		{922682C4-B4ED-494E-9960-0E434C3B838E}.Release|x64.ActiveCfg = Release|x64
		{922682C4-B4ED-494E-9960-0E434C3B838E}.Release|x64.Build.0 = Release|x64
		{922682C4-B4ED-494E-9960-0E434C3B838E}.Release|x86.ActiveCfg = Release|Win32
		{922682C4-B4ED-494E-9960-0E434C3B838E}.Release|x86.Build.0 = Release|Win32
	EndGlobalSection
	GlobalSection(SolutionProperties) = preSolution
		HideSolutionNode = FALSE
	EndGlobalSection
	GlobalSection(ExtensibilityGlobals) = postSolution
		SolutionGuid = {E1A2D630-158A-400C-97E5-1A12076F80B9}
	EndGlobalSection
EndGlobal
