
Microsoft Visual Studio Solution File, Format Version 12.00
# Visual Studio 15
VisualStudioVersion = 15.0.27703.2035
MinimumVisualStudioVersion = 10.0.40219.1
Project("{8BC9CEB8-8B4A-11D0-8D11-00A0C91BC942}") = "二十四点", "二十四点\二十四点.vcxproj", "{DDF71CC6-E380-44AA-99D2-3BB6685F8ECB}"
EndProject
Global
	GlobalSection(SolutionConfigurationPlatforms) = preSolution
		Debug|x64 = Debug|x64
		Debug|x86 = Debug|x86
		Release|x64 = Release|x64
		Release|x86 = Release|x86
	EndGlobalSection
	GlobalSection(ProjectConfigurationPlatforms) = postSolution
		{DDF71CC6-E380-44AA-99D2-3BB6685F8ECB}.Debug|x64.ActiveCfg = Debug|x64
		{DDF71CC6-E380-44AA-99D2-3BB6685F8ECB}.Debug|x64.Build.0 = Debug|x64
		{DDF71CC6-E380-44AA-99D2-3BB6685F8ECB}.Debug|x86.ActiveCfg = Debug|Win32
		{DDF71CC6-E380-44AA-99D2-3BB6685F8ECB}.Debug|x86.Build.0 = Debug|Win32
		{DDF71CC6-E380-44AA-99D2-3BB6685F8ECB}.Release|x64.ActiveCfg = Release|x64
		{DDF71CC6-E380-44AA-99D2-3BB6685F8ECB}.Release|x64.Build.0 = Release|x64
		{DDF71CC6-E380-44AA-99D2-3BB6685F8ECB}.Release|x86.ActiveCfg = Release|Win32
		{DDF71CC6-E380-44AA-99D2-3BB6685F8ECB}.Release|x86.Build.0 = Release|Win32
	EndGlobalSection
	GlobalSection(SolutionProperties) = preSolution
		HideSolutionNode = FALSE
	EndGlobalSection
	GlobalSection(ExtensibilityGlobals) = postSolution
		SolutionGuid = {B7AA08DE-E63A-4FA3-8CBC-B6AF8F127387}
	EndGlobalSection
EndGlobal
